
Microsoft Visual Studio Solution File, Format Version 12.00
# Visual Studio 15
Project("{FAE04EC0-301F-11D3-BF4B-00C04F79EFBC}") = "Unity.XR.Interaction.Toolkit.Samples.DeviceSimulator", "Unity.XR.Interaction.Toolkit.Samples.DeviceSimulator.csproj", "{7050A0EE-E760-4B76-7A00-90F467A6DACE}"
EndProject
Project("{FAE04EC0-301F-11D3-BF4B-00C04F79EFBC}") = "Assembly-CSharp", "Assembly-CSharp.csproj", "{D07B755B-559C-4E04-3473-2E9827BCBC6D}"
EndProject
Project("{FAE04EC0-301F-11D3-BF4B-00C04F79EFBC}") = "Unity.XR.Interaction.Toolkit.Samples.StarterAssets", "Unity.XR.Interaction.Toolkit.Samples.StarterAssets.csproj", "{B0AD04A1-2D30-9420-E9DD-D155BDF0B6FD}"
EndProject
Project("{FAE04EC0-301F-11D3-BF4B-00C04F79EFBC}") = "Unity.XR.Interaction.Toolkit.Samples.StarterAssets.Editor", "Unity.XR.Interaction.Toolkit.Samples.StarterAssets.Editor.csproj", "{F77545B0-46D2-F839-A86A-9222633DD858}"
EndProject
Project("{FAE04EC0-301F-11D3-BF4B-00C04F79EFBC}") = "Assembly-CSharp-Editor", "Assembly-CSharp-Editor.csproj", "{50041B05-08C0-C83C-E791-5B77093DCBFE}"
EndProject
Global
	GlobalSection(SolutionConfigurationPlatforms) = preSolution
		Debug|Any CPU = Debug|Any CPU
		Release|Any CPU = Release|Any CPU
	EndGlobalSection
	GlobalSection(ProjectConfigurationPlatforms) = postSolution
		{7050A0EE-E760-4B76-7A00-90F467A6DACE}.Debug|Any CPU.ActiveCfg = Debug|Any CPU
		{7050A0EE-E760-4B76-7A00-90F467A6DACE}.Debug|Any CPU.Build.0 = Debug|Any CPU
		{7050A0EE-E760-4B76-7A00-90F467A6DACE}.Release|Any CPU.ActiveCfg = Release|Any CPU
		{7050A0EE-E760-4B76-7A00-90F467A6DACE}.Release|Any CPU.Build.0 = Release|Any CPU
		{D07B755B-559C-4E04-3473-2E9827BCBC6D}.Debug|Any CPU.ActiveCfg = Debug|Any CPU
		{D07B755B-559C-4E04-3473-2E9827BCBC6D}.Debug|Any CPU.Build.0 = Debug|Any CPU
		{D07B755B-559C-4E04-3473-2E9827BCBC6D}.Release|Any CPU.ActiveCfg = Release|Any CPU
		{D07B755B-559C-4E04-3473-2E9827BCBC6D}.Release|Any CPU.Build.0 = Release|Any CPU
		{B0AD04A1-2D30-9420-E9DD-D155BDF0B6FD}.Debug|Any CPU.ActiveCfg = Debug|Any CPU
		{B0AD04A1-2D30-9420-E9DD-D155BDF0B6FD}.Debug|Any CPU.Build.0 = Debug|Any CPU
		{B0AD04A1-2D30-9420-E9DD-D155BDF0B6FD}.Release|Any CPU.ActiveCfg = Release|Any CPU
		{B0AD04A1-2D30-9420-E9DD-D155BDF0B6FD}.Release|Any CPU.Build.0 = Release|Any CPU
		{F77545B0-46D2-F839-A86A-9222633DD858}.Debug|Any CPU.ActiveCfg = Debug|Any CPU
		{F77545B0-46D2-F839-A86A-9222633DD858}.Debug|Any CPU.Build.0 = Debug|Any CPU
		{F77545B0-46D2-F839-A86A-9222633DD858}.Release|Any CPU.ActiveCfg = Release|Any CPU
		{F77545B0-46D2-F839-A86A-9222633DD858}.Release|Any CPU.Build.0 = Release|Any CPU
		{50041B05-08C0-C83C-E791-5B77093DCBFE}.Debug|Any CPU.ActiveCfg = Debug|Any CPU
		{50041B05-08C0-C83C-E791-5B77093DCBFE}.Debug|Any CPU.Build.0 = Debug|Any CPU
		{50041B05-08C0-C83C-E791-5B77093DCBFE}.Release|Any CPU.ActiveCfg = Release|Any CPU
		{50041B05-08C0-C83C-E791-5B77093DCBFE}.Release|Any CPU.Build.0 = Release|Any CPU
	EndGlobalSection
	GlobalSection(SolutionProperties) = preSolution
		HideSolutionNode = FALSE
	EndGlobalSection
EndGlobal
